{
  "name": "@mercuryintelligence/mercury",
  "version": "1.0.0",
  "lockfileVersion": 3,
  "requires": true,
  "packages": {
    "": {
      "name": "@mercuryintelligence/mercury",
      "version": "1.0.0",
      "license": "MIT",
      "bin": {
        "mercury-connect": "index.js"
      },
      "engines": {
        "node": ">=18"
      }
    }
  }
}
